// !$*UTF8*$!
{
	archiveVersion = 1;
	classes = {
	};
	objectVersion = 50;
	objects = {

/* Begin PBXBuildFile section */
		BCB6579820C7ECD500084E1C /* AppDelegate.swift in Sources */ = {isa = PBXBuildFile; fileRef = BCB6579720C7ECD500084E1C /* AppDelegate.swift */; };
		BCB6579E20C7ECD500084E1C /* GameScene.swift in Sources */ = {isa = PBXBuildFile; fileRef = BCB6579D20C7ECD500084E1C /* GameScene.swift */; };
		BCB657A020C7ECD500084E1C /* GameViewController.swift in Sources */ = {isa = PBXBuildFile; fileRef = BCB6579F20C7ECD500084E1C /* GameViewController.swift */; };
		BCB657A320C7ECD500084E1C /* Main.storyboard in Resources */ = {isa = PBXBuildFile; fileRef = BCB657A120C7ECD500084E1C /* Main.storyboard */; };
		BCB657A520C7ECD600084E1C /* Assets.xcassets in Resources */ = {isa = PBXBuildFile; fileRef = BCB657A420C7ECD600084E1C /* Assets.xcassets */; };
		BCB657A820C7ECD600084E1C /* LaunchScreen.storyboard in Resources */ = {isa = PBXBuildFile; fileRef = BCB657A620C7ECD600084E1C /* LaunchScreen.storyboard */; };
		BCB657B020C801E200084E1C /* Apple.swift in Sources */ = {isa = PBXBuildFile; fileRef = BCB657AF20C801E200084E1C /* Apple.swift */; };
		BCB657B220C8091900084E1C /* SnakeBodyPart.swift in Sources */ = {isa = PBXBuildFile; fileRef = BCB657B120C8091900084E1C /* SnakeBodyPart.swift */; };
		BCB657B420C80BE900084E1C /* SnakeHead.swift in Sources */ = {isa = PBXBuildFile; fileRef = BCB657B320C80BE900084E1C /* SnakeHead.swift */; };
		BCB657B620C80CFA00084E1C /* Snake.swift in Sources */ = {isa = PBXBuildFile; fileRef = BCB657B520C80CFA00084E1C /* Snake.swift */; };
/* End PBXBuildFile section */

/* Begin PBXFileReference section */
		BCB6579420C7ECD500084E1C /* SnakeGame.app */ = {isa = PBXFileReference; explicitFileType = wrapper.application; includeInIndex = 0; path = SnakeGame.app; sourceTree = BUILT_PRODUCTS_DIR; };
		BCB6579720C7ECD500084E1C /* AppDelegate.swift */ = {isa = PBXFileReference; lastKnownFileType = sourcecode.swift; path = AppDelegate.swift; sourceTree = "<group>"; };
		BCB6579D20C7ECD500084E1C /* GameScene.swift */ = {isa = PBXFileReference; lastKnownFileType = sourcecode.swift; path = GameScene.swift; sourceTree = "<group>"; };
		BCB6579F20C7ECD500084E1C /* GameViewController.swift */ = {isa = PBXFileReference; lastKnownFileType = sourcecode.swift; path = GameViewController.swift; sourceTree = "<group>"; };
		BCB657A220C7ECD500084E1C /* Base */ = {isa = PBXFileReference; lastKnownFileType = file.storyboard; name = Base; path = Base.lproj/Main.storyboard; sourceTree = "<group>"; };
		BCB657A420C7ECD600084E1C /* Assets.xcassets */ = {isa = PBXFileReference; lastKnownFileType = folder.assetcatalog; path = Assets.xcassets; sourceTree = "<group>"; };
		BCB657A720C7ECD600084E1C /* Base */ = {isa = PBXFileReference; lastKnownFileType = file.storyboard; name = Base; path = Base.lproj/LaunchScreen.storyboard; sourceTree = "<group>"; };
		BCB657A920C7ECD600084E1C /* Info.plist */ = {isa = PBXFileReference; lastKnownFileType = text.plist.xml; path = Info.plist; sourceTree = "<group>"; };
		BCB657AF20C801E200084E1C /* Apple.swift */ = {isa = PBXFileReference; lastKnownFileType = sourcecode.swift; path = Apple.swift; sourceTree = "<group>"; };
		BCB657B120C8091900084E1C /* SnakeBodyPart.swift */ = {isa = PBXFileReference; lastKnownFileType = sourcecode.swift; path = SnakeBodyPart.swift; sourceTree = "<group>"; };
		BCB657B320C80BE900084E1C /* SnakeHead.swift */ = {isa = PBXFileReference; lastKnownFileType = sourcecode.swift; path = SnakeHead.swift; sourceTree = "<group>"; };
		BCB657B520C80CFA00084E1C /* Snake.swift */ = {isa = PBXFileReference; lastKnownFileType = sourcecode.swift; path = Snake.swift; sourceTree = "<group>"; };
/* End PBXFileReference section */

/* Begin PBXFrameworksBuildPhase section */
		BCB6579120C7ECD500084E1C /* Frameworks */ = {
			isa = PBXFrameworksBuildPhase;
			buildActionMask = 2147483647;
			files = (
			);
			runOnlyForDeploymentPostprocessing = 0;
		};
/* End PBXFrameworksBuildPhase section */

/* Begin PBXGroup section */
		BCB6578B20C7ECD500084E1C = {
			isa = PBXGroup;
			children = (
				BCB6579620C7ECD500084E1C /* SnakeGame */,
				BCB6579520C7ECD500084E1C /* Products */,
			);
			sourceTree = "<group>";
		};
		BCB6579520C7ECD500084E1C /* Products */ = {
			isa = PBXGroup;
			children = (
				BCB6579420C7ECD500084E1C /* SnakeGame.app */,
			);
			name = Products;
			sourceTree = "<group>";
		};
		BCB6579620C7ECD500084E1C /* SnakeGame */ = {
			isa = PBXGroup;
			children = (
				BCB6579720C7ECD500084E1C /* AppDelegate.swift */,
				BCB6579D20C7ECD500084E1C /* GameScene.swift */,
				BCB6579F20C7ECD500084E1C /* GameViewController.swift */,
				BCB657A120C7ECD500084E1C /* Main.storyboard */,
				BCB657A420C7ECD600084E1C /* Assets.xcassets */,
				BCB657A620C7ECD600084E1C /* LaunchScreen.storyboard */,
				BCB657A920C7ECD600084E1C /* Info.plist */,
				BCB657AF20C801E200084E1C /* Apple.swift */,
				BCB657B120C8091900084E1C /* SnakeBodyPart.swift */,
				BCB657B320C80BE900084E1C /* SnakeHead.swift */,
				BCB657B520C80CFA00084E1C /* Snake.swift */,
			);
			path = SnakeGame;
			sourceTree = "<group>";
		};
/* End PBXGroup section */

/* Begin PBXNativeTarget section */
		BCB6579320C7ECD500084E1C /* SnakeGame */ = {
			isa = PBXNativeTarget;
			buildConfigurationList = BCB657AC20C7ECD600084E1C /* Build configuration list for PBXNativeTarget "SnakeGame" */;
			buildPhases = (
				BCB6579020C7ECD500084E1C /* Sources */,
				BCB6579120C7ECD500084E1C /* Frameworks */,
				BCB6579220C7ECD500084E1C /* Resources */,
			);
			buildRules = (
			);
			dependencies = (
			);
			name = SnakeGame;
			productName = SnakeGame;
			productReference = BCB6579420C7ECD500084E1C /* SnakeGame.app */;
			productType = "com.apple.product-type.application";
		};
/* End PBXNativeTarget section */

/* Begin PBXProject section */
		BCB6578C20C7ECD500084E1C /* Project object */ = {
			isa = PBXProject;
			attributes = {
				LastSwiftUpdateCheck = 0930;
				LastUpgradeCheck = 0930;
				ORGANIZATIONNAME = "Юлия Чащина";
				TargetAttributes = {
					BCB6579320C7ECD500084E1C = {
						CreatedOnToolsVersion = 9.3;
					};
				};
			};
			buildConfigurationList = BCB6578F20C7ECD500084E1C /* Build configuration list for PBXProject "SnakeGame" */;
			compatibilityVersion = "Xcode 9.3";
			developmentRegion = en;
			hasScannedForEncodings = 0;
			knownRegions = (
				en,
				Base,
			);
			mainGroup = BCB6578B20C7ECD500084E1C;
			productRefGroup = BCB6579520C7ECD500084E1C /* Products */;
			projectDirPath = "";
			projectRoot = "";
			targets = (
				BCB6579320C7ECD500084E1C /* SnakeGame */,
			);
		};
/* End PBXProject section */

/* Begin PBXResourcesBuildPhase section */
		BCB6579220C7ECD500084E1C /* Resources */ = {
			isa = PBXResourcesBuildPhase;
			buildActionMask = 2147483647;
			files = (
				BCB657A320C7ECD500084E1C /* Main.storyboard in Resources */,
				BCB657A520C7ECD600084E1C /* Assets.xcassets in Resources */,
				BCB657A820C7ECD600084E1C /* LaunchScreen.storyboard in Resources */,
			);
			runOnlyForDeploymentPostprocessing = 0;
		};
/* End PBXResourcesBuildPhase section */

/* Begin PBXSourcesBuildPhase section */
		BCB6579020C7ECD500084E1C /* Sources */ = {
			isa = PBXSourcesBuildPhase;
			buildActionMask = 2147483647;
			files = (
				BCB657B420C80BE900084E1C /* SnakeHead.swift in Sources */,
				BCB657B020C801E200084E1C /* Apple.swift in Sources */,
				BCB6579E20C7ECD500084E1C /* GameScene.swift in Sources */,
				BCB657A020C7ECD500084E1C /* GameViewController.swift in Sources */,
				BCB657B220C8091900084E1C /* SnakeBodyPart.swift in Sources */,
				BCB657B620C80CFA00084E1C /* Snake.swift in Sources */,
				BCB6579820C7ECD500084E1C /* AppDelegate.swift in Sources */,
			);
			runOnlyForDeploymentPostprocessing = 0;
		};
/* End PBXSourcesBuildPhase section */

/* Begin PBXVariantGroup section */
		BCB657A120C7ECD500084E1C /* Main.storyboard */ = {
			isa = PBXVariantGroup;
			children = (
				BCB657A220C7ECD500084E1C /* Base */,
			);
			name = Main.storyboard;
			sourceTree = "<group>";
		};
		BCB657A620C7ECD600084E1C /* LaunchScreen.storyboard */ = {
			isa = PBXVariantGroup;
			children = (
				BCB657A720C7ECD600084E1C /* Base */,
			);
			name = LaunchScreen.storyboard;
			sourceTree = "<group>";
		};
/* End PBXVariantGroup section */

/* Begin XCBuildConfiguration section */
		BCB657AA20C7ECD600084E1C /* Debug */ = {
			isa = XCBuildConfiguration;
			buildSettings = {
				ALWAYS_SEARCH_USER_PATHS = NO;
				CLANG_ANALYZER_NONNULL = YES;
				CLANG_ANALYZER_NUMBER_OBJECT_CONVERSION = YES_AGGRESSIVE;
				CLANG_CXX_LANGUAGE_STANDARD = "gnu++14";
				CLANG_CXX_LIBRARY = "libc++";
				CLANG_ENABLE_MODULES = YES;
				CLANG_ENABLE_OBJC_ARC = YES;
				CLANG_ENABLE_OBJC_WEAK = YES;
				CLANG_WARN_BLOCK_CAPTURE_AUTORELEASING = YES;
				CLANG_WARN_BOOL_CONVERSION = YES;
				CLANG_WARN_COMMA = YES;
				CLANG_WARN_CONSTANT_CONVERSION = YES;
				CLANG_WARN_DEPRECATED_OBJC_IMPLEMENTATIONS = YES;
				CLANG_WARN_DIRECT_OBJC_ISA_USAGE = YES_ERROR;
				CLANG_WARN_DOCUMENTATION_COMMENTS = YES;
				CLANG_WARN_EMPTY_BODY = YES;
				CLANG_WARN_ENUM_CONVERSION = YES;
				CLANG_WARN_INFINITE_RECURSION = YES;
				CLANG_WARN_INT_CONVERSION = YES;
				CLANG_WARN_NON_LITERAL_NULL_CONVERSION = YES;
				CLANG_WARN_OBJC_IMPLICIT_RETAIN_SELF = YES;
				CLANG_WARN_OBJC_LITERAL_CONVERSION = YES;
				CLANG_WARN_OBJC_ROOT_CLASS = YES_ERROR;
				CLANG_WARN_RANGE_LOOP_ANALYSIS = YES;
				CLANG_WARN_STRICT_PROTOTYPES = YES;
				CLANG_WARN_SUSPICIOUS_MOVE = YES;
				CLANG_WARN_UNGUARDED_AVAILABILITY = YES_AGGRESSIVE;
				CLANG_WARN_UNREACHABLE_CODE = YES;
				CLANG_WARN__DUPLICATE_METHOD_MATCH = YES;
				CODE_SIGN_IDENTITY = "iPhone Developer";
				COPY_PHASE_STRIP = NO;
				DEBUG_INFORMATION_FORMAT = dwarf;
				ENABLE_STRICT_OBJC_MSGSEND = YES;
				ENABLE_TESTABILITY = YES;
				GCC_C_LANGUAGE_STANDARD = gnu11;
				GCC_DYNAMIC_NO_PIC = NO;
				GCC_NO_COMMON_BLOCKS = YES;
				GCC_OPTIMIZATION_LEVEL = 0;
				GCC_PREPROCESSOR_DEFINITIONS = (
					"DEBUG=1",
					"$(inherited)",
				);
				GCC_WARN_64_TO_32_BIT_CONVERSION = YES;
				GCC_WARN_ABOUT_RETURN_TYPE = YES_ERROR;
				GCC_WARN_UNDECLARED_SELECTOR = YES;
				GCC_WARN_UNINITIALIZED_AUTOS = YES_AGGRESSIVE;
				GCC_WARN_UNUSED_FUNCTION = YES;
				GCC_WARN_UNUSED_VARIABLE = YES;
				IPHONEOS_DEPLOYMENT_TARGET = 11.3;
				MTL_ENABLE_DEBUG_INFO = YES;
				ONLY_ACTIVE_ARCH = YES;
				SDKROOT = iphoneos;
				SWIFT_ACTIVE_COMPILATION_CONDITIONS = DEBUG;
				SWIFT_OPTIMIZATION_LEVEL = "-Onone";
			};
			name = Debug;
		};
		BCB657AB20C7ECD600084E1C /* Release */ = {
			isa = XCBuildConfiguration;
			buildSettings = {
				ALWAYS_SEARCH_USER_PATHS = NO;
				CLANG_ANALYZER_NONNULL = YES;
				CLANG_ANALYZER_NUMBER_OBJECT_CONVERSION = YES_AGGRESSIVE;
				CLANG_CXX_LANGUAGE_STANDARD = "gnu++14";
				CLANG_CXX_LIBRARY = "libc++";
				CLANG_ENABLE_MODULES = YES;
				CLANG_ENABLE_OBJC_ARC = YES;
				CLANG_ENABLE_OBJC_WEAK = YES;
				CLANG_WARN_BLOCK_CAPTURE_AUTORELEASING = YES;
				CLANG_WARN_BOOL_CONVERSION = YES;
				CLANG_WARN_COMMA = YES;
				CLANG_WARN_CONSTANT_CONVERSION = YES;
				CLANG_WARN_DEPRECATED_OBJC_IMPLEMENTATIONS = YES;
				CLANG_WARN_DIRECT_OBJC_ISA_USAGE = YES_ERROR;
				CLANG_WARN_DOCUMENTATION_COMMENTS = YES;
				CLANG_WARN_EMPTY_BODY = YES;
				CLANG_WARN_ENUM_CONVERSION = YES;
				CLANG_WARN_INFINITE_RECURSION = YES;
				CLANG_WARN_INT_CONVERSION = YES;
				CLANG_WARN_NON_LITERAL_NULL_CONVERSION = YES;
				CLANG_WARN_OBJC_IMPLICIT_RETAIN_SELF = YES;
				CLANG_WARN_OBJC_LITERAL_CONVERSION = YES;
				CLANG_WARN_OBJC_ROOT_CLASS = YES_ERROR;
				CLANG_WARN_RANGE_LOOP_ANALYSIS = YES;
				CLANG_WARN_STRICT_PROTOTYPES = YES;
				CLANG_WARN_SUSPICIOUS_MOVE = YES;
				CLANG_WARN_UNGUARDED_AVAILABILITY = YES_AGGRESSIVE;
				CLANG_WARN_UNREACHABLE_CODE = YES;
				CLANG_WARN__DUPLICATE_METHOD_MATCH = YES;
				CODE_SIGN_IDENTITY = "iPhone Developer";
				COPY_PHASE_STRIP = NO;
				DEBUG_INFORMATION_FORMAT = "dwarf-with-dsym";
				ENABLE_NS_ASSERTIONS = NO;
				ENABLE_STRICT_OBJC_MSGSEND = YES;
				GCC_C_LANGUAGE_STANDARD = gnu11;
				GCC_NO_COMMON_BLOCKS = YES;
				GCC_WARN_64_TO_32_BIT_CONVERSION = YES;
				GCC_WARN_ABOUT_RETURN_TYPE = YES_ERROR;
				GCC_WARN_UNDECLARED_SELECTOR = YES;
				GCC_WARN_UNINITIALIZED_AUTOS = YES_AGGRESSIVE;
				GCC_WARN_UNUSED_FUNCTION = YES;
				GCC_WARN_UNUSED_VARIABLE = YES;
				IPHONEOS_DEPLOYMENT_TARGET = 11.3;
				MTL_ENABLE_DEBUG_INFO = NO;
				SDKROOT = iphoneos;
				SWIFT_COMPILATION_MODE = wholemodule;
				SWIFT_OPTIMIZATION_LEVEL = "-O";
				VALIDATE_PRODUCT = YES;
			};
			name = Release;
		};
		BCB657AD20C7ECD600084E1C /* Debug */ = {
			isa = XCBuildConfiguration;
			buildSettings = {
				ASSETCATALOG_COMPILER_APPICON_NAME = AppIcon;
				CODE_SIGN_STYLE = Automatic;
				INFOPLIST_FILE = SnakeGame/Info.plist;
				LD_RUNPATH_SEARCH_PATHS = (
					"$(inherited)",
					"@executable_path/Frameworks",
				);
				PRODUCT_BUNDLE_IDENTIFIER = com.example.SnakeGame;
				PRODUCT_NAME = "$(TARGET_NAME)";
				SWIFT_VERSION = 4.0;
				TARGETED_DEVICE_FAMILY = "1,2";
			};
			name = Debug;
		};
		BCB657AE20C7ECD600084E1C /* Release */ = {
			isa = XCBuildConfiguration;
			buildSettings = {
				ASSETCATALOG_COMPILER_APPICON_NAME = AppIcon;
				CODE_SIGN_STYLE = Automatic;
				INFOPLIST_FILE = SnakeGame/Info.plist;
				LD_RUNPATH_SEARCH_PATHS = (
					"$(inherited)",
					"@executable_path/Frameworks",
				);
				PRODUCT_BUNDLE_IDENTIFIER = com.example.SnakeGame;
				PRODUCT_NAME = "$(TARGET_NAME)";
				SWIFT_VERSION = 4.0;
				TARGETED_DEVICE_FAMILY = "1,2";
			};
			name = Release;
		};
/* End XCBuildConfiguration section */

/* Begin XCConfigurationList section */
		BCB6578F20C7ECD500084E1C /* Build configuration list for PBXProject "SnakeGame" */ = {
			isa = XCConfigurationList;
			buildConfigurations = (
				BCB657AA20C7ECD600084E1C /* Debug */,
				BCB657AB20C7ECD600084E1C /* Release */,
			);
			defaultConfigurationIsVisible = 0;
			defaultConfigurationName = Release;
		};
		BCB657AC20C7ECD600084E1C /* Build configuration list for PBXNativeTarget "SnakeGame" */ = {
			isa = XCConfigurationList;
			buildConfigurations = (
				BCB657AD20C7ECD600084E1C /* Debug */,
				BCB657AE20C7ECD600084E1C /* Release */,
			);
			defaultConfigurationIsVisible = 0;
			defaultConfigurationName = Release;
		};
/* End XCConfigurationList section */
	};
	rootObject = BCB6578C20C7ECD500084E1C /* Project object */;
}
